
Microsoft Visual Studio Solution File, Format Version 12.00
# Visual Studio Version 16
VisualStudioVersion = 16.0.30413.136
MinimumVisualStudioVersion = 10.0.40219.1
Project("{FAE04EC0-301F-11D3-BF4B-00C04F79EFBC}") = "Log_Reg_Form", "Log_Reg_Form.csproj", "{2B02C283-981A-453E-9F2A-FFE61D0576D9}"
EndProject
Global
	GlobalSection(SolutionConfigurationPlatforms) = preSolution
		Debug|Any CPU = Debug|Any CPU
		Release|Any CPU = Release|Any CPU
	EndGlobalSection
	GlobalSection(ProjectConfigurationPlatforms) = postSolution
		{2B02C283-981A-453E-9F2A-FFE61D0576D9}.Debug|Any CPU.ActiveCfg = Debug|Any CPU
		{2B02C283-981A-453E-9F2A-FFE61D0576D9}.Debug|Any CPU.Build.0 = Debug|Any CPU
		{2B02C283-981A-453E-9F2A-FFE61D0576D9}.Release|Any CPU.ActiveCfg = Release|Any CPU
		{2B02C283-981A-453E-9F2A-FFE61D0576D9}.Release|Any CPU.Build.0 = Release|Any CPU
	EndGlobalSection
	GlobalSection(SolutionProperties) = preSolution
		HideSolutionNode = FALSE
	EndGlobalSection
	GlobalSection(ExtensibilityGlobals) = postSolution
		SolutionGuid = {613E7A4E-B564-426D-B910-15A335E39EF1}
	EndGlobalSection
EndGlobal
